
Microsoft Visual Studio Solution File, Format Version 12.00
# Visual Studio Version 17
VisualStudioVersion = 17.12.35707.178
MinimumVisualStudioVersion = 10.0.40219.1
Project("{FAE04EC0-301F-11D3-BF4B-00C04F79EFBC}") = "TBMTestConnectorLib", "TBMTestConnectorLib\TBMTestConnectorLib.csproj", "{165E4CF1-713A-405B-A61C-6DAEB89A23FB}"
EndProject
Project("{FAE04EC0-301F-11D3-BF4B-00C04F79EFBC}") = "TestConnectorGUI", "TestConnectorGUI\TestConnectorGUI.csproj", "{3B890D00-0C12-4137-987F-B2080ED72333}"
EndProject
Global
	GlobalSection(SolutionConfigurationPlatforms) = preSolution
		Debug|Any CPU = Debug|Any CPU
		Release|Any CPU = Release|Any CPU
	EndGlobalSection
	GlobalSection(ProjectConfigurationPlatforms) = postSolution
		{165E4CF1-713A-405B-A61C-6DAEB89A23FB}.Debug|Any CPU.ActiveCfg = Debug|Any CPU
		{165E4CF1-713A-405B-A61C-6DAEB89A23FB}.Debug|Any CPU.Build.0 = Debug|Any CPU
		{165E4CF1-713A-405B-A61C-6DAEB89A23FB}.Release|Any CPU.ActiveCfg = Release|Any CPU
		{165E4CF1-713A-405B-A61C-6DAEB89A23FB}.Release|Any CPU.Build.0 = Release|Any CPU
		{3B890D00-0C12-4137-987F-B2080ED72333}.Debug|Any CPU.ActiveCfg = Debug|Any CPU
		{3B890D00-0C12-4137-987F-B2080ED72333}.Debug|Any CPU.Build.0 = Debug|Any CPU
		{3B890D00-0C12-4137-987F-B2080ED72333}.Release|Any CPU.ActiveCfg = Release|Any CPU
		{3B890D00-0C12-4137-987F-B2080ED72333}.Release|Any CPU.Build.0 = Release|Any CPU
	EndGlobalSection
	GlobalSection(SolutionProperties) = preSolution
		HideSolutionNode = FALSE
	EndGlobalSection
EndGlobal
